// !$*UTF8*$!
{
	archiveVersion = 1;
	classes = {
	};
	objectVersion = 46;
	objects = {

/* Begin PBXBuildFile section */
		9E973B8F1C9787670044F17C /* AppDelegate.swift in Sources */ = {isa = PBXBuildFile; fileRef = 9E973B8E1C9787670044F17C /* AppDelegate.swift */; };
		9E973B911C9787670044F17C /* ViewController.swift in Sources */ = {isa = PBXBuildFile; fileRef = 9E973B901C9787670044F17C /* ViewController.swift */; };
		9E973B941C9787670044F17C /* Main.storyboard in Resources */ = {isa = PBXBuildFile; fileRef = 9E973B921C9787670044F17C /* Main.storyboard */; };
		9E973B961C9787670044F17C /* Assets.xcassets in Resources */ = {isa = PBXBuildFile; fileRef = 9E973B951C9787670044F17C /* Assets.xcassets */; };
		9E973B991C9787670044F17C /* LaunchScreen.storyboard in Resources */ = {isa = PBXBuildFile; fileRef = 9E973B971C9787670044F17C /* LaunchScreen.storyboard */; };
/* End PBXBuildFile section */

/* Begin PBXFileReference section */
		9E973B8B1C9787670044F17C /* CuatroBotonesConOutlets.app */ = {isa = PBXFileReference; explicitFileType = wrapper.application; includeInIndex = 0; path = CuatroBotonesConOutlets.app; sourceTree = BUILT_PRODUCTS_DIR; };
		9E973B8E1C9787670044F17C /* AppDelegate.swift */ = {isa = PBXFileReference; lastKnownFileType = sourcecode.swift; path = AppDelegate.swift; sourceTree = "<group>"; };
		9E973B901C9787670044F17C /* ViewController.swift */ = {isa = PBXFileReference; lastKnownFileType = sourcecode.swift; path = ViewController.swift; sourceTree = "<group>"; };
		9E973B931C9787670044F17C /* Base */ = {isa = PBXFileReference; lastKnownFileType = file.storyboard; name = Base; path = Base.lproj/Main.storyboard; sourceTree = "<group>"; };
		9E973B951C9787670044F17C /* Assets.xcassets */ = {isa = PBXFileReference; lastKnownFileType = folder.assetcatalog; path = Assets.xcassets; sourceTree = "<group>"; };
		9E973B981C9787670044F17C /* Base */ = {isa = PBXFileReference; lastKnownFileType = file.storyboard; name = Base; path = Base.lproj/LaunchScreen.storyboard; sourceTree = "<group>"; };
		9E973B9A1C9787670044F17C /* Info.plist */ = {isa = PBXFileReference; lastKnownFileType = text.plist.xml; path = Info.plist; sourceTree = "<group>"; };
/* End PBXFileReference section */

/* Begin PBXFrameworksBuildPhase section */
		9E973B881C9787670044F17C /* Frameworks */ = {
			isa = PBXFrameworksBuildPhase;
			buildActionMask = 2147483647;
			files = (
			);
			runOnlyForDeploymentPostprocessing = 0;
		};
/* End PBXFrameworksBuildPhase section */

/* Begin PBXGroup section */
		9E973B821C9787670044F17C = {
			isa = PBXGroup;
			children = (
				9E973B8D1C9787670044F17C /* CuatroBotonesConOutlets */,
				9E973B8C1C9787670044F17C /* Products */,
			);
			sourceTree = "<group>";
		};
		9E973B8C1C9787670044F17C /* Products */ = {
			isa = PBXGroup;
			children = (
				9E973B8B1C9787670044F17C /* CuatroBotonesConOutlets.app */,
			);
			name = Products;
			sourceTree = "<group>";
		};
		9E973B8D1C9787670044F17C /* CuatroBotonesConOutlets */ = {
			isa = PBXGroup;
			children = (
				9E973B8E1C9787670044F17C /* AppDelegate.swift */,
				9E973B901C9787670044F17C /* ViewController.swift */,
				9E973B921C9787670044F17C /* Main.storyboard */,
				9E973B951C9787670044F17C /* Assets.xcassets */,
				9E973B971C9787670044F17C /* LaunchScreen.storyboard */,
				9E973B9A1C9787670044F17C /* Info.plist */,
			);
			path = CuatroBotonesConOutlets;
			sourceTree = "<group>";
		};
/* End PBXGroup section */

/* Begin PBXNativeTarget section */
		9E973B8A1C9787670044F17C /* CuatroBotonesConOutlets */ = {
			isa = PBXNativeTarget;
			buildConfigurationList = 9E973B9D1C9787670044F17C /* Build configuration list for PBXNativeTarget "CuatroBotonesConOutlets" */;
			buildPhases = (
				9E973B871C9787670044F17C /* Sources */,
				9E973B881C9787670044F17C /* Frameworks */,
				9E973B891C9787670044F17C /* Resources */,
			);
			buildRules = (
			);
			dependencies = (
			);
			name = CuatroBotonesConOutlets;
			productName = CuatroBotonesConOutlets;
			productReference = 9E973B8B1C9787670044F17C /* CuatroBotonesConOutlets.app */;
			productType = "com.apple.product-type.application";
		};
/* End PBXNativeTarget section */

/* Begin PBXProject section */
		9E973B831C9787670044F17C /* Project object */ = {
			isa = PBXProject;
			attributes = {
				LastSwiftUpdateCheck = 0720;
				LastUpgradeCheck = 0720;
				ORGANIZATIONNAME = Dikom;
				TargetAttributes = {
					9E973B8A1C9787670044F17C = {
						CreatedOnToolsVersion = 7.2.1;
						DevelopmentTeam = RT67R39N56;
					};
				};
			};
			buildConfigurationList = 9E973B861C9787670044F17C /* Build configuration list for PBXProject "CuatroBotonesConOutlets" */;
			compatibilityVersion = "Xcode 3.2";
			developmentRegion = English;
			hasScannedForEncodings = 0;
			knownRegions = (
				en,
				Base,
			);
			mainGroup = 9E973B821C9787670044F17C;
			productRefGroup = 9E973B8C1C9787670044F17C /* Products */;
			projectDirPath = "";
			projectRoot = "";
			targets = (
				9E973B8A1C9787670044F17C /* CuatroBotonesConOutlets */,
			);
		};
/* End PBXProject section */

/* Begin PBXResourcesBuildPhase section */
		9E973B891C9787670044F17C /* Resources */ = {
			isa = PBXResourcesBuildPhase;
			buildActionMask = 2147483647;
			files = (
				9E973B991C9787670044F17C /* LaunchScreen.storyboard in Resources */,
				9E973B961C9787670044F17C /* Assets.xcassets in Resources */,
				9E973B941C9787670044F17C /* Main.storyboard in Resources */,
			);
			runOnlyForDeploymentPostprocessing = 0;
		};
/* End PBXResourcesBuildPhase section */

/* Begin PBXSourcesBuildPhase section */
		9E973B871C9787670044F17C /* Sources */ = {
			isa = PBXSourcesBuildPhase;
			buildActionMask = 2147483647;
			files = (
				9E973B911C9787670044F17C /* ViewController.swift in Sources */,
				9E973B8F1C9787670044F17C /* AppDelegate.swift in Sources */,
			);
			runOnlyForDeploymentPostprocessing = 0;
		};
/* End PBXSourcesBuildPhase section */

/* Begin PBXVariantGroup section */
		9E973B921C9787670044F17C /* Main.storyboard */ = {
			isa = PBXVariantGroup;
			children = (
				9E973B931C9787670044F17C /* Base */,
			);
			name = Main.storyboard;
			sourceTree = "<group>";
		};
		9E973B971C9787670044F17C /* LaunchScreen.storyboard */ = {
			isa = PBXVariantGroup;
			children = (
				9E973B981C9787670044F17C /* Base */,
			);
			name = LaunchScreen.storyboard;
			sourceTree = "<group>";
		};
/* End PBXVariantGroup section */

/* Begin XCBuildConfiguration section */
		9E973B9B1C9787670044F17C /* Debug */ = {
			isa = XCBuildConfiguration;
			buildSettings = {
				ALWAYS_SEARCH_USER_PATHS = NO;
				CLANG_CXX_LANGUAGE_STANDARD = "gnu++0x";
				CLANG_CXX_LIBRARY = "libc++";
				CLANG_ENABLE_MODULES = YES;
				CLANG_ENABLE_OBJC_ARC = YES;
				CLANG_WARN_BOOL_CONVERSION = YES;
				CLANG_WARN_CONSTANT_CONVERSION = YES;
				CLANG_WARN_DIRECT_OBJC_ISA_USAGE = YES_ERROR;
				CLANG_WARN_EMPTY_BODY = YES;
				CLANG_WARN_ENUM_CONVERSION = YES;
				CLANG_WARN_INT_CONVERSION = YES;
				CLANG_WARN_OBJC_ROOT_CLASS = YES_ERROR;
				CLANG_WARN_UNREACHABLE_CODE = YES;
				CLANG_WARN__DUPLICATE_METHOD_MATCH = YES;
				"CODE_SIGN_IDENTITY[sdk=iphoneos*]" = "iPhone Developer";
				COPY_PHASE_STRIP = NO;
				DEBUG_INFORMATION_FORMAT = dwarf;
				ENABLE_STRICT_OBJC_MSGSEND = YES;
				ENABLE_TESTABILITY = YES;
				GCC_C_LANGUAGE_STANDARD = gnu99;
				GCC_DYNAMIC_NO_PIC = NO;
				GCC_NO_COMMON_BLOCKS = YES;
				GCC_OPTIMIZATION_LEVEL = 0;
				GCC_PREPROCESSOR_DEFINITIONS = (
					"DEBUG=1",
					"$(inherited)",
				);
				GCC_WARN_64_TO_32_BIT_CONVERSION = YES;
				GCC_WARN_ABOUT_RETURN_TYPE = YES_ERROR;
				GCC_WARN_UNDECLARED_SELECTOR = YES;
				GCC_WARN_UNINITIALIZED_AUTOS = YES_AGGRESSIVE;
				GCC_WARN_UNUSED_FUNCTION = YES;
				GCC_WARN_UNUSED_VARIABLE = YES;
				IPHONEOS_DEPLOYMENT_TARGET = 8.4;
				MTL_ENABLE_DEBUG_INFO = YES;
				ONLY_ACTIVE_ARCH = YES;
				SDKROOT = iphoneos;
				SWIFT_OPTIMIZATION_LEVEL = "-Onone";
			};
			name = Debug;
		};
		9E973B9C1C9787670044F17C /* Release */ = {
			isa = XCBuildConfiguration;
			buildSettings = {
				ALWAYS_SEARCH_USER_PATHS = NO;
				CLANG_CXX_LANGUAGE_STANDARD = "gnu++0x";
				CLANG_CXX_LIBRARY = "libc++";
				CLANG_ENABLE_MODULES = YES;
				CLANG_ENABLE_OBJC_ARC = YES;
				CLANG_WARN_BOOL_CONVERSION = YES;
				CLANG_WARN_CONSTANT_CONVERSION = YES;
				CLANG_WARN_DIRECT_OBJC_ISA_USAGE = YES_ERROR;
				CLANG_WARN_EMPTY_BODY = YES;
				CLANG_WARN_ENUM_CONVERSION = YES;
				CLANG_WARN_INT_CONVERSION = YES;
				CLANG_WARN_OBJC_ROOT_CLASS = YES_ERROR;
				CLANG_WARN_UNREACHABLE_CODE = YES;
				CLANG_WARN__DUPLICATE_METHOD_MATCH = YES;
				"CODE_SIGN_IDENTITY[sdk=iphoneos*]" = "iPhone Developer";
				COPY_PHASE_STRIP = NO;
				DEBUG_INFORMATION_FORMAT = "dwarf-with-dsym";
				ENABLE_NS_ASSERTIONS = NO;
				ENABLE_STRICT_OBJC_MSGSEND = YES;
				GCC_C_LANGUAGE_STANDARD = gnu99;
				GCC_NO_COMMON_BLOCKS = YES;
				GCC_WARN_64_TO_32_BIT_CONVERSION = YES;
				GCC_WARN_ABOUT_RETURN_TYPE = YES_ERROR;
				GCC_WARN_UNDECLARED_SELECTOR = YES;
				GCC_WARN_UNINITIALIZED_AUTOS = YES_AGGRESSIVE;
				GCC_WARN_UNUSED_FUNCTION = YES;
				GCC_WARN_UNUSED_VARIABLE = YES;
				IPHONEOS_DEPLOYMENT_TARGET = 8.4;
				MTL_ENABLE_DEBUG_INFO = NO;
				SDKROOT = iphoneos;
				VALIDATE_PRODUCT = YES;
			};
			name = Release;
		};
		9E973B9E1C9787670044F17C /* Debug */ = {
			isa = XCBuildConfiguration;
			buildSettings = {
				ASSETCATALOG_COMPILER_APPICON_NAME = AppIcon1;
				INFOPLIST_FILE = CuatroBotonesConOutlets/Info.plist;
				LD_RUNPATH_SEARCH_PATHS = "$(inherited) @executable_path/Frameworks";
				PRODUCT_BUNDLE_IDENTIFIER = mx.dikom.CuatroBotonesConOutlets;
				PRODUCT_NAME = "$(TARGET_NAME)";
				TARGETED_DEVICE_FAMILY = 1;
			};
			name = Debug;
		};
		9E973B9F1C9787670044F17C /* Release */ = {
			isa = XCBuildConfiguration;
			buildSettings = {
				ASSETCATALOG_COMPILER_APPICON_NAME = AppIcon1;
				INFOPLIST_FILE = CuatroBotonesConOutlets/Info.plist;
				LD_RUNPATH_SEARCH_PATHS = "$(inherited) @executable_path/Frameworks";
				PRODUCT_BUNDLE_IDENTIFIER = mx.dikom.CuatroBotonesConOutlets;
				PRODUCT_NAME = "$(TARGET_NAME)";
				TARGETED_DEVICE_FAMILY = 1;
			};
			name = Release;
		};
/* End XCBuildConfiguration section */

/* Begin XCConfigurationList section */
		9E973B861C9787670044F17C /* Build configuration list for PBXProject "CuatroBotonesConOutlets" */ = {
			isa = XCConfigurationList;
			buildConfigurations = (
				9E973B9B1C9787670044F17C /* Debug */,
				9E973B9C1C9787670044F17C /* Release */,
			);
			defaultConfigurationIsVisible = 0;
			defaultConfigurationName = Release;
		};
		9E973B9D1C9787670044F17C /* Build configuration list for PBXNativeTarget "CuatroBotonesConOutlets" */ = {
			isa = XCConfigurationList;
			buildConfigurations = (
				9E973B9E1C9787670044F17C /* Debug */,
				9E973B9F1C9787670044F17C /* Release */,
			);
			defaultConfigurationIsVisible = 0;
			defaultConfigurationName = Release;
		};
/* End XCConfigurationList section */
	};
	rootObject = 9E973B831C9787670044F17C /* Project object */;
}
